
Microsoft Visual Studio Solution File, Format Version 12.00
# Visual Studio Version 17
VisualStudioVersion = 17.4.33213.308
MinimumVisualStudioVersion = 10.0.40219.1
Project("{FAE04EC0-301F-11D3-BF4B-00C04F79EFBC}") = "Impersonate", "Impersonate\Impersonate.csproj", "{16784BE8-D4CF-4E1A-B25C-3CCD50116393}"
EndProject
Global
	GlobalSection(SolutionConfigurationPlatforms) = preSolution
		Debug|Any CPU = Debug|Any CPU
		Release|Any CPU = Release|Any CPU
	EndGlobalSection
	GlobalSection(ProjectConfigurationPlatforms) = postSolution
		{16784BE8-D4CF-4E1A-B25C-3CCD50116393}.Debug|Any CPU.ActiveCfg = Debug|Any CPU
		{16784BE8-D4CF-4E1A-B25C-3CCD50116393}.Debug|Any CPU.Build.0 = Debug|Any CPU
		{16784BE8-D4CF-4E1A-B25C-3CCD50116393}.Release|Any CPU.ActiveCfg = Release|Any CPU
		{16784BE8-D4CF-4E1A-B25C-3CCD50116393}.Release|Any CPU.Build.0 = Release|Any CPU
	EndGlobalSection
	GlobalSection(SolutionProperties) = preSolution
		HideSolutionNode = FALSE
	EndGlobalSection
	GlobalSection(ExtensibilityGlobals) = postSolution
		SolutionGuid = {974025A9-31B7-452C-80D5-001852853C9B}
	EndGlobalSection
EndGlobal
